
Microsoft Visual Studio Solution File, Format Version 12.00
# Visual Studio Version 16
VisualStudioVersion = 16.0.31911.196
MinimumVisualStudioVersion = 10.0.40219.1
Project("{FAE04EC0-301F-11D3-BF4B-00C04F79EFBC}") = "Ejercicio23", "Ejercicio23\Ejercicio23.csproj", "{DEE3295A-8B3C-4791-BFC0-4F9B41BCF871}"
EndProject
Global
	GlobalSection(SolutionConfigurationPlatforms) = preSolution
		Debug|Any CPU = Debug|Any CPU
		Release|Any CPU = Release|Any CPU
	EndGlobalSection
	GlobalSection(ProjectConfigurationPlatforms) = postSolution
		{DEE3295A-8B3C-4791-BFC0-4F9B41BCF871}.Debug|Any CPU.ActiveCfg = Debug|Any CPU
		{DEE3295A-8B3C-4791-BFC0-4F9B41BCF871}.Debug|Any CPU.Build.0 = Debug|Any CPU
		{DEE3295A-8B3C-4791-BFC0-4F9B41BCF871}.Release|Any CPU.ActiveCfg = Release|Any CPU
		{DEE3295A-8B3C-4791-BFC0-4F9B41BCF871}.Release|Any CPU.Build.0 = Release|Any CPU
	EndGlobalSection
	GlobalSection(SolutionProperties) = preSolution
		HideSolutionNode = FALSE
	EndGlobalSection
	GlobalSection(ExtensibilityGlobals) = postSolution
		SolutionGuid = {993E1EE8-2CE1-4D72-9E8E-39256B43D321}
	EndGlobalSection
EndGlobal
