
Microsoft Visual Studio Solution File, Format Version 12.00
# Visual Studio Version 16
VisualStudioVersion = 16.0.31911.196
MinimumVisualStudioVersion = 10.0.40219.1
Project("{FAE04EC0-301F-11D3-BF4B-00C04F79EFBC}") = "Ejercicio22", "Ejercicio22\Ejercicio22.csproj", "{44B6296E-15B4-4260-85A0-74D08B78323D}"
EndProject
Global
	GlobalSection(SolutionConfigurationPlatforms) = preSolution
		Debug|Any CPU = Debug|Any CPU
		Release|Any CPU = Release|Any CPU
	EndGlobalSection
	GlobalSection(ProjectConfigurationPlatforms) = postSolution
		{44B6296E-15B4-4260-85A0-74D08B78323D}.Debug|Any CPU.ActiveCfg = Debug|Any CPU
		{44B6296E-15B4-4260-85A0-74D08B78323D}.Debug|Any CPU.Build.0 = Debug|Any CPU
		{44B6296E-15B4-4260-85A0-74D08B78323D}.Release|Any CPU.ActiveCfg = Release|Any CPU
		{44B6296E-15B4-4260-85A0-74D08B78323D}.Release|Any CPU.Build.0 = Release|Any CPU
	EndGlobalSection
	GlobalSection(SolutionProperties) = preSolution
		HideSolutionNode = FALSE
	EndGlobalSection
	GlobalSection(ExtensibilityGlobals) = postSolution
		SolutionGuid = {A9A6A5E9-1297-4CB3-86FD-D2008A2E4D2C}
	EndGlobalSection
EndGlobal
