
Microsoft Visual Studio Solution File, Format Version 12.00
# Visual Studio Version 16
VisualStudioVersion = 16.0.31911.196
MinimumVisualStudioVersion = 10.0.40219.1
Project("{FAE04EC0-301F-11D3-BF4B-00C04F79EFBC}") = "Ejercicio20", "Ejercicio20\Ejercicio20.csproj", "{157D991D-EEA8-47B5-8A99-94343563C424}"
EndProject
Global
	GlobalSection(SolutionConfigurationPlatforms) = preSolution
		Debug|Any CPU = Debug|Any CPU
		Release|Any CPU = Release|Any CPU
	EndGlobalSection
	GlobalSection(ProjectConfigurationPlatforms) = postSolution
		{157D991D-EEA8-47B5-8A99-94343563C424}.Debug|Any CPU.ActiveCfg = Debug|Any CPU
		{157D991D-EEA8-47B5-8A99-94343563C424}.Debug|Any CPU.Build.0 = Debug|Any CPU
		{157D991D-EEA8-47B5-8A99-94343563C424}.Release|Any CPU.ActiveCfg = Release|Any CPU
		{157D991D-EEA8-47B5-8A99-94343563C424}.Release|Any CPU.Build.0 = Release|Any CPU
	EndGlobalSection
	GlobalSection(SolutionProperties) = preSolution
		HideSolutionNode = FALSE
	EndGlobalSection
	GlobalSection(ExtensibilityGlobals) = postSolution
		SolutionGuid = {D0318AFF-7EF9-437E-AA8A-31FD75E9642C}
	EndGlobalSection
EndGlobal
