
Microsoft Visual Studio Solution File, Format Version 12.00
# Visual Studio Version 16
VisualStudioVersion = 16.0.31911.196
MinimumVisualStudioVersion = 10.0.40219.1
Project("{FAE04EC0-301F-11D3-BF4B-00C04F79EFBC}") = "Ejercicicio21", "Ejercicicio21\Ejercicicio21.csproj", "{4A372AA0-75EA-4DAF-A3AA-EE1FBED02FEB}"
EndProject
Global
	GlobalSection(SolutionConfigurationPlatforms) = preSolution
		Debug|Any CPU = Debug|Any CPU
		Release|Any CPU = Release|Any CPU
	EndGlobalSection
	GlobalSection(ProjectConfigurationPlatforms) = postSolution
		{4A372AA0-75EA-4DAF-A3AA-EE1FBED02FEB}.Debug|Any CPU.ActiveCfg = Debug|Any CPU
		{4A372AA0-75EA-4DAF-A3AA-EE1FBED02FEB}.Debug|Any CPU.Build.0 = Debug|Any CPU
		{4A372AA0-75EA-4DAF-A3AA-EE1FBED02FEB}.Release|Any CPU.ActiveCfg = Release|Any CPU
		{4A372AA0-75EA-4DAF-A3AA-EE1FBED02FEB}.Release|Any CPU.Build.0 = Release|Any CPU
	EndGlobalSection
	GlobalSection(SolutionProperties) = preSolution
		HideSolutionNode = FALSE
	EndGlobalSection
	GlobalSection(ExtensibilityGlobals) = postSolution
		SolutionGuid = {9F5D6DE8-FE8C-4D17-BD55-280D0A999972}
	EndGlobalSection
EndGlobal
