
Microsoft Visual Studio Solution File, Format Version 12.00
# Visual Studio Version 16
VisualStudioVersion = 16.0.31911.196
MinimumVisualStudioVersion = 10.0.40219.1
Project("{FAE04EC0-301F-11D3-BF4B-00C04F79EFBC}") = "Ejercicio3", "Ejercicio3\Ejercicio3.csproj", "{B20F703B-3208-4567-83AC-40DC6A40B6F3}"
EndProject
Global
	GlobalSection(SolutionConfigurationPlatforms) = preSolution
		Debug|Any CPU = Debug|Any CPU
		Release|Any CPU = Release|Any CPU
	EndGlobalSection
	GlobalSection(ProjectConfigurationPlatforms) = postSolution
		{B20F703B-3208-4567-83AC-40DC6A40B6F3}.Debug|Any CPU.ActiveCfg = Debug|Any CPU
		{B20F703B-3208-4567-83AC-40DC6A40B6F3}.Debug|Any CPU.Build.0 = Debug|Any CPU
		{B20F703B-3208-4567-83AC-40DC6A40B6F3}.Release|Any CPU.ActiveCfg = Release|Any CPU
		{B20F703B-3208-4567-83AC-40DC6A40B6F3}.Release|Any CPU.Build.0 = Release|Any CPU
	EndGlobalSection
	GlobalSection(SolutionProperties) = preSolution
		HideSolutionNode = FALSE
	EndGlobalSection
	GlobalSection(ExtensibilityGlobals) = postSolution
		SolutionGuid = {CB234BCE-6E2E-4EEA-BA4F-6CF9734CEF78}
	EndGlobalSection
EndGlobal
